
Microsoft Visual Studio Solution File, Format Version 12.00
# Visual Studio 15
VisualStudioVersion = 15.0.27703.2047
MinimumVisualStudioVersion = 10.0.40219.1
Project("{9A19103F-16F7-4668-BE54-9A1E7A4F7556}") = "AngleSharpSpiderDemo", "AngleSharpSpiderDemo\AngleSharpSpiderDemo.csproj", "{4F9FB35F-253C-453B-A9F2-28F3080F71B5}"
EndProject
Project("{9A19103F-16F7-4668-BE54-9A1E7A4F7556}") = "AngleSharpSpiderAnlu114", "AngleSharpSpiderAnlu114\AngleSharpSpiderAnlu114.csproj", "{05AA94C7-2DED-4157-B8CF-01C7D8547954}"
EndProject
Project("{FAE04EC0-301F-11D3-BF4B-00C04F79EFBC}") = "SpiderLeading", "SpiderLeading\SpiderLeading.csproj", "{15B9D07B-A4F2-4133-BBC4-EC1D3CAF41B3}"
EndProject
Global
	GlobalSection(SolutionConfigurationPlatforms) = preSolution
		Debug|Any CPU = Debug|Any CPU
		Release|Any CPU = Release|Any CPU
	EndGlobalSection
	GlobalSection(ProjectConfigurationPlatforms) = postSolution
		{4F9FB35F-253C-453B-A9F2-28F3080F71B5}.Debug|Any CPU.ActiveCfg = Debug|Any CPU
		{4F9FB35F-253C-453B-A9F2-28F3080F71B5}.Debug|Any CPU.Build.0 = Debug|Any CPU
		{4F9FB35F-253C-453B-A9F2-28F3080F71B5}.Release|Any CPU.ActiveCfg = Release|Any CPU
		{4F9FB35F-253C-453B-A9F2-28F3080F71B5}.Release|Any CPU.Build.0 = Release|Any CPU
		{05AA94C7-2DED-4157-B8CF-01C7D8547954}.Debug|Any CPU.ActiveCfg = Debug|Any CPU
		{05AA94C7-2DED-4157-B8CF-01C7D8547954}.Debug|Any CPU.Build.0 = Debug|Any CPU
		{05AA94C7-2DED-4157-B8CF-01C7D8547954}.Release|Any CPU.ActiveCfg = Release|Any CPU
		{05AA94C7-2DED-4157-B8CF-01C7D8547954}.Release|Any CPU.Build.0 = Release|Any CPU
		{15B9D07B-A4F2-4133-BBC4-EC1D3CAF41B3}.Debug|Any CPU.ActiveCfg = Debug|Any CPU
		{15B9D07B-A4F2-4133-BBC4-EC1D3CAF41B3}.Debug|Any CPU.Build.0 = Debug|Any CPU
		{15B9D07B-A4F2-4133-BBC4-EC1D3CAF41B3}.Release|Any CPU.ActiveCfg = Release|Any CPU
		{15B9D07B-A4F2-4133-BBC4-EC1D3CAF41B3}.Release|Any CPU.Build.0 = Release|Any CPU
	EndGlobalSection
	GlobalSection(SolutionProperties) = preSolution
		HideSolutionNode = FALSE
	EndGlobalSection
	GlobalSection(ExtensibilityGlobals) = postSolution
		SolutionGuid = {0D6800AA-9375-4872-896C-29BB1F24925B}
	EndGlobalSection
EndGlobal
